
Microsoft Visual Studio Solution File, Format Version 12.00
# Visual Studio 15
VisualStudioVersion = 15.0.28010.2016
MinimumVisualStudioVersion = 10.0.40219.1
Project("{FAE04EC0-301F-11D3-BF4B-00C04F79EFBC}") = "AdventOfCode2018", "AdventOfCode2018\AdventOfCode2018.csproj", "{6636ECE7-AA61-4514-88EA-5722DD1DDB12}"
EndProject
Global
	GlobalSection(SolutionConfigurationPlatforms) = preSolution
		Debug|Any CPU = Debug|Any CPU
		Release|Any CPU = Release|Any CPU
	EndGlobalSection
	GlobalSection(ProjectConfigurationPlatforms) = postSolution
		{6636ECE7-AA61-4514-88EA-5722DD1DDB12}.Debug|Any CPU.ActiveCfg = Debug|Any CPU
		{6636ECE7-AA61-4514-88EA-5722DD1DDB12}.Debug|Any CPU.Build.0 = Debug|Any CPU
		{6636ECE7-AA61-4514-88EA-5722DD1DDB12}.Release|Any CPU.ActiveCfg = Release|Any CPU
		{6636ECE7-AA61-4514-88EA-5722DD1DDB12}.Release|Any CPU.Build.0 = Release|Any CPU
	EndGlobalSection
	GlobalSection(SolutionProperties) = preSolution
		HideSolutionNode = FALSE
	EndGlobalSection
	GlobalSection(ExtensibilityGlobals) = postSolution
		SolutionGuid = {5B798E1A-A815-43A0-9ABC-F586B8EE124D}
	EndGlobalSection
EndGlobal
